// !$*UTF8*$!
{
	archiveVersion = 1;
	classes = {
	};
	objectVersion = 50;
	objects = {

/* Begin PBXBuildFile section */
		061AE54425E6485200A67EBD /* controllinoApp.swift in Sources */ = {isa = PBXBuildFile; fileRef = 061AE54325E6485200A67EBD /* controllinoApp.swift */; };
		061AE54625E6485200A67EBD /* ContentView.swift in Sources */ = {isa = PBXBuildFile; fileRef = 061AE54525E6485200A67EBD /* ContentView.swift */; };
		061AE54825E6485700A67EBD /* Assets.xcassets in Resources */ = {isa = PBXBuildFile; fileRef = 061AE54725E6485700A67EBD /* Assets.xcassets */; };
		061AE54B25E6485700A67EBD /* Preview Assets.xcassets in Resources */ = {isa = PBXBuildFile; fileRef = 061AE54A25E6485700A67EBD /* Preview Assets.xcassets */; };
		061AE55625E6485700A67EBD /* controllinoTests.swift in Sources */ = {isa = PBXBuildFile; fileRef = 061AE55525E6485700A67EBD /* controllinoTests.swift */; };
		061AE56125E6485700A67EBD /* controllinoUITests.swift in Sources */ = {isa = PBXBuildFile; fileRef = 061AE56025E6485700A67EBD /* controllinoUITests.swift */; };
/* End PBXBuildFile section */

/* Begin PBXContainerItemProxy section */
		061AE55225E6485700A67EBD /* PBXContainerItemProxy */ = {
			isa = PBXContainerItemProxy;
			containerPortal = 061AE53825E6485100A67EBD /* Project object */;
			proxyType = 1;
			remoteGlobalIDString = 061AE53F25E6485200A67EBD;
			remoteInfo = controllino;
		};
		061AE55D25E6485700A67EBD /* PBXContainerItemProxy */ = {
			isa = PBXContainerItemProxy;
			containerPortal = 061AE53825E6485100A67EBD /* Project object */;
			proxyType = 1;
			remoteGlobalIDString = 061AE53F25E6485200A67EBD;
			remoteInfo = controllino;
		};
/* End PBXContainerItemProxy section */

/* Begin PBXFileReference section */
		061AE54025E6485200A67EBD /* controllino.app */ = {isa = PBXFileReference; explicitFileType = wrapper.application; includeInIndex = 0; path = controllino.app; sourceTree = BUILT_PRODUCTS_DIR; };
		061AE54325E6485200A67EBD /* controllinoApp.swift */ = {isa = PBXFileReference; lastKnownFileType = sourcecode.swift; path = controllinoApp.swift; sourceTree = "<group>"; };
		061AE54525E6485200A67EBD /* ContentView.swift */ = {isa = PBXFileReference; lastKnownFileType = sourcecode.swift; path = ContentView.swift; sourceTree = "<group>"; };
		061AE54725E6485700A67EBD /* Assets.xcassets */ = {isa = PBXFileReference; lastKnownFileType = folder.assetcatalog; path = Assets.xcassets; sourceTree = "<group>"; };
		061AE54A25E6485700A67EBD /* Preview Assets.xcassets */ = {isa = PBXFileReference; lastKnownFileType = folder.assetcatalog; path = "Preview Assets.xcassets"; sourceTree = "<group>"; };
		061AE54C25E6485700A67EBD /* Info.plist */ = {isa = PBXFileReference; lastKnownFileType = text.plist.xml; path = Info.plist; sourceTree = "<group>"; };
		061AE55125E6485700A67EBD /* controllinoTests.xctest */ = {isa = PBXFileReference; explicitFileType = wrapper.cfbundle; includeInIndex = 0; path = controllinoTests.xctest; sourceTree = BUILT_PRODUCTS_DIR; };
		061AE55525E6485700A67EBD /* controllinoTests.swift */ = {isa = PBXFileReference; lastKnownFileType = sourcecode.swift; path = controllinoTests.swift; sourceTree = "<group>"; };
		061AE55725E6485700A67EBD /* Info.plist */ = {isa = PBXFileReference; lastKnownFileType = text.plist.xml; path = Info.plist; sourceTree = "<group>"; };
		061AE55C25E6485700A67EBD /* controllinoUITests.xctest */ = {isa = PBXFileReference; explicitFileType = wrapper.cfbundle; includeInIndex = 0; path = controllinoUITests.xctest; sourceTree = BUILT_PRODUCTS_DIR; };
		061AE56025E6485700A67EBD /* controllinoUITests.swift */ = {isa = PBXFileReference; lastKnownFileType = sourcecode.swift; path = controllinoUITests.swift; sourceTree = "<group>"; };
		061AE56225E6485700A67EBD /* Info.plist */ = {isa = PBXFileReference; lastKnownFileType = text.plist.xml; path = Info.plist; sourceTree = "<group>"; };
/* End PBXFileReference section */

/* Begin PBXFrameworksBuildPhase section */
		061AE53D25E6485200A67EBD /* Frameworks */ = {
			isa = PBXFrameworksBuildPhase;
			buildActionMask = 2147483647;
			files = (
			);
			runOnlyForDeploymentPostprocessing = 0;
		};
		061AE54E25E6485700A67EBD /* Frameworks */ = {
			isa = PBXFrameworksBuildPhase;
			buildActionMask = 2147483647;
			files = (
			);
			runOnlyForDeploymentPostprocessing = 0;
		};
		061AE55925E6485700A67EBD /* Frameworks */ = {
			isa = PBXFrameworksBuildPhase;
			buildActionMask = 2147483647;
			files = (
			);
			runOnlyForDeploymentPostprocessing = 0;
		};
/* End PBXFrameworksBuildPhase section */

/* Begin PBXGroup section */
		061AE53725E6485100A67EBD = {
			isa = PBXGroup;
			children = (
				061AE54225E6485200A67EBD /* controllino */,
				061AE55425E6485700A67EBD /* controllinoTests */,
				061AE55F25E6485700A67EBD /* controllinoUITests */,
				061AE54125E6485200A67EBD /* Products */,
			);
			sourceTree = "<group>";
		};
		061AE54125E6485200A67EBD /* Products */ = {
			isa = PBXGroup;
			children = (
				061AE54025E6485200A67EBD /* controllino.app */,
				061AE55125E6485700A67EBD /* controllinoTests.xctest */,
				061AE55C25E6485700A67EBD /* controllinoUITests.xctest */,
			);
			name = Products;
			sourceTree = "<group>";
		};
		061AE54225E6485200A67EBD /* controllino */ = {
			isa = PBXGroup;
			children = (
				061AE54325E6485200A67EBD /* controllinoApp.swift */,
				061AE54525E6485200A67EBD /* ContentView.swift */,
				061AE54725E6485700A67EBD /* Assets.xcassets */,
				061AE54C25E6485700A67EBD /* Info.plist */,
				061AE54925E6485700A67EBD /* Preview Content */,
			);
			path = controllino;
			sourceTree = "<group>";
		};
		061AE54925E6485700A67EBD /* Preview Content */ = {
			isa = PBXGroup;
			children = (
				061AE54A25E6485700A67EBD /* Preview Assets.xcassets */,
			);
			path = "Preview Content";
			sourceTree = "<group>";
		};
		061AE55425E6485700A67EBD /* controllinoTests */ = {
			isa = PBXGroup;
			children = (
				061AE55525E6485700A67EBD /* controllinoTests.swift */,
				061AE55725E6485700A67EBD /* Info.plist */,
			);
			path = controllinoTests;
			sourceTree = "<group>";
		};
		061AE55F25E6485700A67EBD /* controllinoUITests */ = {
			isa = PBXGroup;
			children = (
				061AE56025E6485700A67EBD /* controllinoUITests.swift */,
				061AE56225E6485700A67EBD /* Info.plist */,
			);
			path = controllinoUITests;
			sourceTree = "<group>";
		};
/* End PBXGroup section */

/* Begin PBXNativeTarget section */
		061AE53F25E6485200A67EBD /* controllino */ = {
			isa = PBXNativeTarget;
			buildConfigurationList = 061AE56525E6485700A67EBD /* Build configuration list for PBXNativeTarget "controllino" */;
			buildPhases = (
				061AE53C25E6485200A67EBD /* Sources */,
				061AE53D25E6485200A67EBD /* Frameworks */,
				061AE53E25E6485200A67EBD /* Resources */,
			);
			buildRules = (
			);
			dependencies = (
			);
			name = controllino;
			productName = controllino;
			productReference = 061AE54025E6485200A67EBD /* controllino.app */;
			productType = "com.apple.product-type.application";
		};
		061AE55025E6485700A67EBD /* controllinoTests */ = {
			isa = PBXNativeTarget;
			buildConfigurationList = 061AE56825E6485700A67EBD /* Build configuration list for PBXNativeTarget "controllinoTests" */;
			buildPhases = (
				061AE54D25E6485700A67EBD /* Sources */,
				061AE54E25E6485700A67EBD /* Frameworks */,
				061AE54F25E6485700A67EBD /* Resources */,
			);
			buildRules = (
			);
			dependencies = (
				061AE55325E6485700A67EBD /* PBXTargetDependency */,
			);
			name = controllinoTests;
			productName = controllinoTests;
			productReference = 061AE55125E6485700A67EBD /* controllinoTests.xctest */;
			productType = "com.apple.product-type.bundle.unit-test";
		};
		061AE55B25E6485700A67EBD /* controllinoUITests */ = {
			isa = PBXNativeTarget;
			buildConfigurationList = 061AE56B25E6485700A67EBD /* Build configuration list for PBXNativeTarget "controllinoUITests" */;
			buildPhases = (
				061AE55825E6485700A67EBD /* Sources */,
				061AE55925E6485700A67EBD /* Frameworks */,
				061AE55A25E6485700A67EBD /* Resources */,
			);
			buildRules = (
			);
			dependencies = (
				061AE55E25E6485700A67EBD /* PBXTargetDependency */,
			);
			name = controllinoUITests;
			productName = controllinoUITests;
			productReference = 061AE55C25E6485700A67EBD /* controllinoUITests.xctest */;
			productType = "com.apple.product-type.bundle.ui-testing";
		};
/* End PBXNativeTarget section */

/* Begin PBXProject section */
		061AE53825E6485100A67EBD /* Project object */ = {
			isa = PBXProject;
			attributes = {
				LastSwiftUpdateCheck = 1240;
				LastUpgradeCheck = 1240;
				TargetAttributes = {
					061AE53F25E6485200A67EBD = {
						CreatedOnToolsVersion = 12.4;
					};
					061AE55025E6485700A67EBD = {
						CreatedOnToolsVersion = 12.4;
						TestTargetID = 061AE53F25E6485200A67EBD;
					};
					061AE55B25E6485700A67EBD = {
						CreatedOnToolsVersion = 12.4;
						TestTargetID = 061AE53F25E6485200A67EBD;
					};
				};
			};
			buildConfigurationList = 061AE53B25E6485200A67EBD /* Build configuration list for PBXProject "controllino" */;
			compatibilityVersion = "Xcode 9.3";
			developmentRegion = en;
			hasScannedForEncodings = 0;
			knownRegions = (
				en,
				Base,
			);
			mainGroup = 061AE53725E6485100A67EBD;
			productRefGroup = 061AE54125E6485200A67EBD /* Products */;
			projectDirPath = "";
			projectRoot = "";
			targets = (
				061AE53F25E6485200A67EBD /* controllino */,
				061AE55025E6485700A67EBD /* controllinoTests */,
				061AE55B25E6485700A67EBD /* controllinoUITests */,
			);
		};
/* End PBXProject section */

/* Begin PBXResourcesBuildPhase section */
		061AE53E25E6485200A67EBD /* Resources */ = {
			isa = PBXResourcesBuildPhase;
			buildActionMask = 2147483647;
			files = (
				061AE54B25E6485700A67EBD /* Preview Assets.xcassets in Resources */,
				061AE54825E6485700A67EBD /* Assets.xcassets in Resources */,
			);
			runOnlyForDeploymentPostprocessing = 0;
		};
		061AE54F25E6485700A67EBD /* Resources */ = {
			isa = PBXResourcesBuildPhase;
			buildActionMask = 2147483647;
			files = (
			);
			runOnlyForDeploymentPostprocessing = 0;
		};
		061AE55A25E6485700A67EBD /* Resources */ = {
			isa = PBXResourcesBuildPhase;
			buildActionMask = 2147483647;
			files = (
			);
			runOnlyForDeploymentPostprocessing = 0;
		};
/* End PBXResourcesBuildPhase section */

/* Begin PBXSourcesBuildPhase section */
		061AE53C25E6485200A67EBD /* Sources */ = {
			isa = PBXSourcesBuildPhase;
			buildActionMask = 2147483647;
			files = (
				061AE54625E6485200A67EBD /* ContentView.swift in Sources */,
				061AE54425E6485200A67EBD /* controllinoApp.swift in Sources */,
			);
			runOnlyForDeploymentPostprocessing = 0;
		};
		061AE54D25E6485700A67EBD /* Sources */ = {
			isa = PBXSourcesBuildPhase;
			buildActionMask = 2147483647;
			files = (
				061AE55625E6485700A67EBD /* controllinoTests.swift in Sources */,
			);
			runOnlyForDeploymentPostprocessing = 0;
		};
		061AE55825E6485700A67EBD /* Sources */ = {
			isa = PBXSourcesBuildPhase;
			buildActionMask = 2147483647;
			files = (
				061AE56125E6485700A67EBD /* controllinoUITests.swift in Sources */,
			);
			runOnlyForDeploymentPostprocessing = 0;
		};
/* End PBXSourcesBuildPhase section */

/* Begin PBXTargetDependency section */
		061AE55325E6485700A67EBD /* PBXTargetDependency */ = {
			isa = PBXTargetDependency;
			target = 061AE53F25E6485200A67EBD /* controllino */;
			targetProxy = 061AE55225E6485700A67EBD /* PBXContainerItemProxy */;
		};
		061AE55E25E6485700A67EBD /* PBXTargetDependency */ = {
			isa = PBXTargetDependency;
			target = 061AE53F25E6485200A67EBD /* controllino */;
			targetProxy = 061AE55D25E6485700A67EBD /* PBXContainerItemProxy */;
		};
/* End PBXTargetDependency section */

/* Begin XCBuildConfiguration section */
		061AE56325E6485700A67EBD /* Debug */ = {
			isa = XCBuildConfiguration;
			buildSettings = {
				ALWAYS_SEARCH_USER_PATHS = NO;
				CLANG_ANALYZER_NONNULL = YES;
				CLANG_ANALYZER_NUMBER_OBJECT_CONVERSION = YES_AGGRESSIVE;
				CLANG_CXX_LANGUAGE_STANDARD = "gnu++14";
				CLANG_CXX_LIBRARY = "libc++";
				CLANG_ENABLE_MODULES = YES;
				CLANG_ENABLE_OBJC_ARC = YES;
				CLANG_ENABLE_OBJC_WEAK = YES;
				CLANG_WARN_BLOCK_CAPTURE_AUTORELEASING = YES;
				CLANG_WARN_BOOL_CONVERSION = YES;
				CLANG_WARN_COMMA = YES;
				CLANG_WARN_CONSTANT_CONVERSION = YES;
				CLANG_WARN_DEPRECATED_OBJC_IMPLEMENTATIONS = YES;
				CLANG_WARN_DIRECT_OBJC_ISA_USAGE = YES_ERROR;
				CLANG_WARN_DOCUMENTATION_COMMENTS = YES;
				CLANG_WARN_EMPTY_BODY = YES;
				CLANG_WARN_ENUM_CONVERSION = YES;
				CLANG_WARN_INFINITE_RECURSION = YES;
				CLANG_WARN_INT_CONVERSION = YES;
				CLANG_WARN_NON_LITERAL_NULL_CONVERSION = YES;
				CLANG_WARN_OBJC_IMPLICIT_RETAIN_SELF = YES;
				CLANG_WARN_OBJC_LITERAL_CONVERSION = YES;
				CLANG_WARN_OBJC_ROOT_CLASS = YES_ERROR;
				CLANG_WARN_QUOTED_INCLUDE_IN_FRAMEWORK_HEADER = YES;
				CLANG_WARN_RANGE_LOOP_ANALYSIS = YES;
				CLANG_WARN_STRICT_PROTOTYPES = YES;
				CLANG_WARN_SUSPICIOUS_MOVE = YES;
				CLANG_WARN_UNGUARDED_AVAILABILITY = YES_AGGRESSIVE;
				CLANG_WARN_UNREACHABLE_CODE = YES;
				CLANG_WARN__DUPLICATE_METHOD_MATCH = YES;
				COPY_PHASE_STRIP = NO;
				DEBUG_INFORMATION_FORMAT = dwarf;
				ENABLE_STRICT_OBJC_MSGSEND = YES;
				ENABLE_TESTABILITY = YES;
				GCC_C_LANGUAGE_STANDARD = gnu11;
				GCC_DYNAMIC_NO_PIC = NO;
				GCC_NO_COMMON_BLOCKS = YES;
				GCC_OPTIMIZATION_LEVEL = 0;
				GCC_PREPROCESSOR_DEFINITIONS = (
					"DEBUG=1",
					"$(inherited)",
				);
				GCC_WARN_64_TO_32_BIT_CONVERSION = YES;
				GCC_WARN_ABOUT_RETURN_TYPE = YES_ERROR;
				GCC_WARN_UNDECLARED_SELECTOR = YES;
				GCC_WARN_UNINITIALIZED_AUTOS = YES_AGGRESSIVE;
				GCC_WARN_UNUSED_FUNCTION = YES;
				GCC_WARN_UNUSED_VARIABLE = YES;
				IPHONEOS_DEPLOYMENT_TARGET = 14.4;
				MTL_ENABLE_DEBUG_INFO = INCLUDE_SOURCE;
				MTL_FAST_MATH = YES;
				ONLY_ACTIVE_ARCH = YES;
				SDKROOT = iphoneos;
				SWIFT_ACTIVE_COMPILATION_CONDITIONS = DEBUG;
				SWIFT_OPTIMIZATION_LEVEL = "-Onone";
			};
			name = Debug;
		};
		061AE56425E6485700A67EBD /* Release */ = {
			isa = XCBuildConfiguration;
			buildSettings = {
				ALWAYS_SEARCH_USER_PATHS = NO;
				CLANG_ANALYZER_NONNULL = YES;
				CLANG_ANALYZER_NUMBER_OBJECT_CONVERSION = YES_AGGRESSIVE;
				CLANG_CXX_LANGUAGE_STANDARD = "gnu++14";
				CLANG_CXX_LIBRARY = "libc++";
				CLANG_ENABLE_MODULES = YES;
				CLANG_ENABLE_OBJC_ARC = YES;
				CLANG_ENABLE_OBJC_WEAK = YES;
				CLANG_WARN_BLOCK_CAPTURE_AUTORELEASING = YES;
				CLANG_WARN_BOOL_CONVERSION = YES;
				CLANG_WARN_COMMA = YES;
				CLANG_WARN_CONSTANT_CONVERSION = YES;
				CLANG_WARN_DEPRECATED_OBJC_IMPLEMENTATIONS = YES;
				CLANG_WARN_DIRECT_OBJC_ISA_USAGE = YES_ERROR;
				CLANG_WARN_DOCUMENTATION_COMMENTS = YES;
				CLANG_WARN_EMPTY_BODY = YES;
				CLANG_WARN_ENUM_CONVERSION = YES;
				CLANG_WARN_INFINITE_RECURSION = YES;
				CLANG_WARN_INT_CONVERSION = YES;
				CLANG_WARN_NON_LITERAL_NULL_CONVERSION = YES;
				CLANG_WARN_OBJC_IMPLICIT_RETAIN_SELF = YES;
				CLANG_WARN_OBJC_LITERAL_CONVERSION = YES;
				CLANG_WARN_OBJC_ROOT_CLASS = YES_ERROR;
				CLANG_WARN_QUOTED_INCLUDE_IN_FRAMEWORK_HEADER = YES;
				CLANG_WARN_RANGE_LOOP_ANALYSIS = YES;
				CLANG_WARN_STRICT_PROTOTYPES = YES;
				CLANG_WARN_SUSPICIOUS_MOVE = YES;
				CLANG_WARN_UNGUARDED_AVAILABILITY = YES_AGGRESSIVE;
				CLANG_WARN_UNREACHABLE_CODE = YES;
				CLANG_WARN__DUPLICATE_METHOD_MATCH = YES;
				COPY_PHASE_STRIP = NO;
				DEBUG_INFORMATION_FORMAT = "dwarf-with-dsym";
				ENABLE_NS_ASSERTIONS = NO;
				ENABLE_STRICT_OBJC_MSGSEND = YES;
				GCC_C_LANGUAGE_STANDARD = gnu11;
				GCC_NO_COMMON_BLOCKS = YES;
				GCC_WARN_64_TO_32_BIT_CONVERSION = YES;
				GCC_WARN_ABOUT_RETURN_TYPE = YES_ERROR;
				GCC_WARN_UNDECLARED_SELECTOR = YES;
				GCC_WARN_UNINITIALIZED_AUTOS = YES_AGGRESSIVE;
				GCC_WARN_UNUSED_FUNCTION = YES;
				GCC_WARN_UNUSED_VARIABLE = YES;
				IPHONEOS_DEPLOYMENT_TARGET = 14.4;
				MTL_ENABLE_DEBUG_INFO = NO;
				MTL_FAST_MATH = YES;
				SDKROOT = iphoneos;
				SWIFT_COMPILATION_MODE = wholemodule;
				SWIFT_OPTIMIZATION_LEVEL = "-O";
				VALIDATE_PRODUCT = YES;
			};
			name = Release;
		};
		061AE56625E6485700A67EBD /* Debug */ = {
			isa = XCBuildConfiguration;
			buildSettings = {
				ASSETCATALOG_COMPILER_APPICON_NAME = AppIcon;
				ASSETCATALOG_COMPILER_GLOBAL_ACCENT_COLOR_NAME = AccentColor;
				CODE_SIGN_STYLE = Automatic;
				DEVELOPMENT_ASSET_PATHS = "\"controllino/Preview Content\"";
				DEVELOPMENT_TEAM = 6MAUVS763K;
				ENABLE_PREVIEWS = YES;
				INFOPLIST_FILE = controllino/Info.plist;
				IPHONEOS_DEPLOYMENT_TARGET = 14.0;
				LD_RUNPATH_SEARCH_PATHS = (
					"$(inherited)",
					"@executable_path/Frameworks",
				);
				PRODUCT_BUNDLE_IDENTIFIER = com.desyntic.controllino;
				PRODUCT_NAME = "$(TARGET_NAME)";
				SWIFT_VERSION = 5.0;
				TARGETED_DEVICE_FAMILY = "1,2";
			};
			name = Debug;
		};
		061AE56725E6485700A67EBD /* Release */ = {
			isa = XCBuildConfiguration;
			buildSettings = {
				ASSETCATALOG_COMPILER_APPICON_NAME = AppIcon;
				ASSETCATALOG_COMPILER_GLOBAL_ACCENT_COLOR_NAME = AccentColor;
				CODE_SIGN_STYLE = Automatic;
				DEVELOPMENT_ASSET_PATHS = "\"controllino/Preview Content\"";
				DEVELOPMENT_TEAM = 6MAUVS763K;
				ENABLE_PREVIEWS = YES;
				INFOPLIST_FILE = controllino/Info.plist;
				IPHONEOS_DEPLOYMENT_TARGET = 14.0;
				LD_RUNPATH_SEARCH_PATHS = (
					"$(inherited)",
					"@executable_path/Frameworks",
				);
				PRODUCT_BUNDLE_IDENTIFIER = com.desyntic.controllino;
				PRODUCT_NAME = "$(TARGET_NAME)";
				SWIFT_VERSION = 5.0;
				TARGETED_DEVICE_FAMILY = "1,2";
			};
			name = Release;
		};
		061AE56925E6485700A67EBD /* Debug */ = {
			isa = XCBuildConfiguration;
			buildSettings = {
				ALWAYS_EMBED_SWIFT_STANDARD_LIBRARIES = YES;
				BUNDLE_LOADER = "$(TEST_HOST)";
				CODE_SIGN_STYLE = Automatic;
				DEVELOPMENT_TEAM = 6MAUVS763K;
				INFOPLIST_FILE = controllinoTests/Info.plist;
				IPHONEOS_DEPLOYMENT_TARGET = 14.0;
				LD_RUNPATH_SEARCH_PATHS = (
					"$(inherited)",
					"@executable_path/Frameworks",
					"@loader_path/Frameworks",
				);
				PRODUCT_BUNDLE_IDENTIFIER = com.desyntic.controllinoTests;
				PRODUCT_NAME = "$(TARGET_NAME)";
				SWIFT_VERSION = 5.0;
				TARGETED_DEVICE_FAMILY = "1,2";
				TEST_HOST = "$(BUILT_PRODUCTS_DIR)/controllino.app/controllino";
			};
			name = Debug;
		};
		061AE56A25E6485700A67EBD /* Release */ = {
			isa = XCBuildConfiguration;
			buildSettings = {
				ALWAYS_EMBED_SWIFT_STANDARD_LIBRARIES = YES;
				BUNDLE_LOADER = "$(TEST_HOST)";
				CODE_SIGN_STYLE = Automatic;
				DEVELOPMENT_TEAM = 6MAUVS763K;
				INFOPLIST_FILE = controllinoTests/Info.plist;
				IPHONEOS_DEPLOYMENT_TARGET = 14.0;
				LD_RUNPATH_SEARCH_PATHS = (
					"$(inherited)",
					"@executable_path/Frameworks",
					"@loader_path/Frameworks",
				);
				PRODUCT_BUNDLE_IDENTIFIER = com.desyntic.controllinoTests;
				PRODUCT_NAME = "$(TARGET_NAME)";
				SWIFT_VERSION = 5.0;
				TARGETED_DEVICE_FAMILY = "1,2";
				TEST_HOST = "$(BUILT_PRODUCTS_DIR)/controllino.app/controllino";
			};
			name = Release;
		};
		061AE56C25E6485700A67EBD /* Debug */ = {
			isa = XCBuildConfiguration;
			buildSettings = {
				ALWAYS_EMBED_SWIFT_STANDARD_LIBRARIES = YES;
				CODE_SIGN_STYLE = Automatic;
				DEVELOPMENT_TEAM = 6MAUVS763K;
				INFOPLIST_FILE = controllinoUITests/Info.plist;
				LD_RUNPATH_SEARCH_PATHS = (
					"$(inherited)",
					"@executable_path/Frameworks",
					"@loader_path/Frameworks",
				);
				PRODUCT_BUNDLE_IDENTIFIER = com.desyntic.controllinoUITests;
				PRODUCT_NAME = "$(TARGET_NAME)";
				SWIFT_VERSION = 5.0;
				TARGETED_DEVICE_FAMILY = "1,2";
				TEST_TARGET_NAME = controllino;
			};
			name = Debug;
		};
		061AE56D25E6485700A67EBD /* Release */ = {
			isa = XCBuildConfiguration;
			buildSettings = {
				ALWAYS_EMBED_SWIFT_STANDARD_LIBRARIES = YES;
				CODE_SIGN_STYLE = Automatic;
				DEVELOPMENT_TEAM = 6MAUVS763K;
				INFOPLIST_FILE = controllinoUITests/Info.plist;
				LD_RUNPATH_SEARCH_PATHS = (
					"$(inherited)",
					"@executable_path/Frameworks",
					"@loader_path/Frameworks",
				);
				PRODUCT_BUNDLE_IDENTIFIER = com.desyntic.controllinoUITests;
				PRODUCT_NAME = "$(TARGET_NAME)";
				SWIFT_VERSION = 5.0;
				TARGETED_DEVICE_FAMILY = "1,2";
				TEST_TARGET_NAME = controllino;
			};
			name = Release;
		};
/* End XCBuildConfiguration section */

/* Begin XCConfigurationList section */
		061AE53B25E6485200A67EBD /* Build configuration list for PBXProject "controllino" */ = {
			isa = XCConfigurationList;
			buildConfigurations = (
				061AE56325E6485700A67EBD /* Debug */,
				061AE56425E6485700A67EBD /* Release */,
			);
			defaultConfigurationIsVisible = 0;
			defaultConfigurationName = Release;
		};
		061AE56525E6485700A67EBD /* Build configuration list for PBXNativeTarget "controllino" */ = {
			isa = XCConfigurationList;
			buildConfigurations = (
				061AE56625E6485700A67EBD /* Debug */,
				061AE56725E6485700A67EBD /* Release */,
			);
			defaultConfigurationIsVisible = 0;
			defaultConfigurationName = Release;
		};
		061AE56825E6485700A67EBD /* Build configuration list for PBXNativeTarget "controllinoTests" */ = {
			isa = XCConfigurationList;
			buildConfigurations = (
				061AE56925E6485700A67EBD /* Debug */,
				061AE56A25E6485700A67EBD /* Release */,
			);
			defaultConfigurationIsVisible = 0;
			defaultConfigurationName = Release;
		};
		061AE56B25E6485700A67EBD /* Build configuration list for PBXNativeTarget "controllinoUITests" */ = {
			isa = XCConfigurationList;
			buildConfigurations = (
				061AE56C25E6485700A67EBD /* Debug */,
				061AE56D25E6485700A67EBD /* Release */,
			);
			defaultConfigurationIsVisible = 0;
			defaultConfigurationName = Release;
		};
/* End XCConfigurationList section */
	};
	rootObject = 061AE53825E6485100A67EBD /* Project object */;
}
